dependencies:
  hast-util-to-string: 1.0.4
  unified: 9.1.0
  unist-util-visit: 2.0.3
  vscode-jsonrpc: 5.0.1
  vscode-languageserver-protocol: 3.16.0-next.6
  vscode-uri: 2.1.2
devDependencies:
  '@tsconfig/node12': 1.0.7
  '@types/node': 14.0.27
  typescript: 3.9.7
lockfileVersion: 5.1
packages:
  /@tsconfig/node12/1.0.7:
    dev: true
    resolution:
      integrity: sha512-dgasobK/Y0wVMswcipr3k0HpevxFJLijN03A8mYfEPvWvOs14v0ZlYTR4kIgMx8g4+fTyTFv8/jLCIfRqLDJ4A==
  /@types/node/14.0.27:
    dev: true
    resolution:
      integrity: sha512-kVrqXhbclHNHGu9ztnAwSncIgJv/FaxmzXJvGXNdcCpV1b8u1/Mi6z6m0vwy0LzKeXFTPLH0NzwmoJ3fNCIq0g==
  /@types/unist/2.0.3:
    dev: false
    resolution:
      integrity: sha512-FvUupuM3rlRsRtCN+fDudtmytGO6iHJuuRKS1Ss0pG5z8oX0diNEw94UEL7hgDbpN94rgaK5R7sWm6RrSkZuAQ==
  /bail/1.0.5:
    dev: false
    resolution:
      integrity: sha512-xFbRxM1tahm08yHBP16MMjVUAvDaBMD38zsM9EMAUN61omwLmKlOpB/Zku5QkjZ8TZ4vn53pj+t518cH0S03RQ==
  /extend/3.0.2:
    dev: false
    resolution:
      integrity: sha512-fjquC59cD7CyW6urNXK0FBufkZcoiGG80wTuPujX590cB5Ttln20E2UB4S/WARVqhXffZl2LNgS+gQdPIIim/g==
  /hast-util-to-string/1.0.4:
    dev: false
    resolution:
      integrity: sha512-eK0MxRX47AV2eZ+Lyr18DCpQgodvaS3fAQO2+b9Two9F5HEoRPhiUMNzoXArMJfZi2yieFzUBMRl3HNJ3Jus3w==
  /is-buffer/2.0.4:
    dev: false
    engines:
      node: '>=4'
    resolution:
      integrity: sha512-Kq1rokWXOPXWuaMAqZiJW4XxsmD9zGx9q4aePabbn3qCRGedtH7Cm+zV8WETitMfu1wdh+Rvd6w5egwSngUX2A==
  /is-plain-obj/2.1.0:
    dev: false
    engines:
      node: '>=8'
    resolution:
      integrity: sha512-YWnfyRwxL/+SsrWYfOpUtz5b3YD+nyfkHvjbcanzk8zgyO4ASD67uVMRt8k5bM4lLMDnXfriRhOpemw+NfT1eA==
  /replace-ext/1.0.0:
    dev: false
    engines:
      node: '>= 0.10'
    resolution:
      integrity: sha1-3mMSg3P8v3w8z6TeWkgMRaZ5WOs=
  /trough/1.0.5:
    dev: false
    resolution:
      integrity: sha512-rvuRbTarPXmMb79SmzEp8aqXNKcK+y0XaB298IXueQ8I2PsrATcPBCSPyK/dDNa2iWOhKlfNnOjdAOTBU/nkFA==
  /typescript/3.9.7:
    dev: true
    engines:
      node: '>=4.2.0'
    hasBin: true
    resolution:
      integrity: sha512-BLbiRkiBzAwsjut4x/dsibSTB6yWpwT5qWmC2OfuCg3GgVQCSgMs4vEctYPhsaGtd0AeuuHMkjZ2h2WG8MSzRw==
  /unified/9.1.0:
    dependencies:
      bail: 1.0.5
      extend: 3.0.2
      is-buffer: 2.0.4
      is-plain-obj: 2.1.0
      trough: 1.0.5
      vfile: 4.2.0
    dev: false
    resolution:
      integrity: sha512-VXOv7Ic6twsKGJDeZQ2wwPqXs2hM0KNu5Hkg9WgAZbSD1pxhZ7p8swqg583nw1Je2fhwHy6U8aEjiI79x1gvag==
  /unist-util-is/4.0.2:
    dev: false
    resolution:
      integrity: sha512-Ofx8uf6haexJwI1gxWMGg6I/dLnF2yE+KibhD3/diOqY2TinLcqHXCV6OI5gFVn3xQqDH+u0M625pfKwIwgBKQ==
  /unist-util-stringify-position/2.0.3:
    dependencies:
      '@types/unist': 2.0.3
    dev: false
    resolution:
      integrity: sha512-3faScn5I+hy9VleOq/qNbAd6pAx7iH5jYBMS9I1HgQVijz/4mv5Bvw5iw1sC/90CODiKo81G/ps8AJrISn687g==
  /unist-util-visit-parents/3.1.0:
    dependencies:
      '@types/unist': 2.0.3
      unist-util-is: 4.0.2
    dev: false
    resolution:
      integrity: sha512-0g4wbluTF93npyPrp/ymd3tCDTMnP0yo2akFD2FIBAYXq/Sga3lwaU1D8OYKbtpioaI6CkDcQ6fsMnmtzt7htw==
  /unist-util-visit/2.0.3:
    dependencies:
      '@types/unist': 2.0.3
      unist-util-is: 4.0.2
      unist-util-visit-parents: 3.1.0
    dev: false
    resolution:
      integrity: sha512-iJ4/RczbJMkD0712mGktuGpm/U4By4FfDonL7N/9tATGIF4imikjOuagyMY53tnZq3NP6BcmlrHhEKAfGWjh7Q==
  /vfile-message/2.0.4:
    dependencies:
      '@types/unist': 2.0.3
      unist-util-stringify-position: 2.0.3
    dev: false
    resolution:
      integrity: sha512-DjssxRGkMvifUOJre00juHoP9DPWuzjxKuMDrhNbk2TdaYYBNMStsNhEOt3idrtI12VQYM/1+iM0KOzXi4pxwQ==
  /vfile/4.2.0:
    dependencies:
      '@types/unist': 2.0.3
      is-buffer: 2.0.4
      replace-ext: 1.0.0
      unist-util-stringify-position: 2.0.3
      vfile-message: 2.0.4
    dev: false
    resolution:
      integrity: sha512-a/alcwCvtuc8OX92rqqo7PflxiCgXRFjdyoGVuYV+qbgCb0GgZJRvIgCD4+U/Kl1yhaRsaTwksF88xbPyGsgpw==
  /vscode-jsonrpc/5.0.1:
    dev: false
    engines:
      node: '>=8.0.0 || >=10.0.0'
    resolution:
      integrity: sha512-JvONPptw3GAQGXlVV2utDcHx0BiY34FupW/kI6mZ5x06ER5DdPG/tXWMVHjTNULF5uKPOUUD0SaXg5QaubJL0A==
  /vscode-jsonrpc/6.0.0-next.4:
    dev: false
    engines:
      node: '>=8.0.0 || >=10.0.0'
    resolution:
      integrity: sha512-nIXUeSMKfqvqSG75s1JuUy0UgjE3d0NERjGz7AUGDFXX0/roVUEbaio5VBdus30nty8v0FCf/6MbCSrH5RybcQ==
  /vscode-languageserver-protocol/3.16.0-next.6:
    dependencies:
      vscode-jsonrpc: 6.0.0-next.4
      vscode-languageserver-types: 3.16.0-next.3
    dev: false
    resolution:
      integrity: sha512-tW8LMFBBr6WJ33mzYAjiLTu/4tch9nvJ+rBhUNzJ8X1zNR39vj8CV3FsnrxzAqvOB+qBWEOQa0tjupW1mNo2GQ==
  /vscode-languageserver-types/3.16.0-next.3:
    dev: false
    resolution:
      integrity: sha512-s/z5ZqSe7VpoXJ6JQcvwRiPPA3nG0nAcJ/HH03zoU6QaFfnkcgPK+HshC3WKPPnC2G08xA0iRB6h7kmyBB5Adg==
  /vscode-uri/2.1.2:
    dev: false
    resolution:
      integrity: sha512-8TEXQxlldWAuIODdukIb+TR5s+9Ds40eSJrw+1iDDA9IFORPjMELarNQE3myz5XIkWWpdprmJjm1/SxMlWOC8A==
specifiers:
  '@tsconfig/node12': ^1.0.7
  '@types/node': ^14.0.27
  hast-util-to-string: ^1.0.4
  typescript: ^3.9.7
  unified: ^9.1.0
  unist-util-visit: ^2.0.3
  vscode-jsonrpc: ^5.0.1
  vscode-languageserver-protocol: ^3.16.0-next.6
  vscode-uri: ^2.1.2
